// !$*UTF8*$!
{
	archiveVersion = 1;
	classes = {
	};
	objectVersion = 46;
	objects = {

/* Begin PBXBuildFile section */
		F5AAA1221D41E77600B738E0 /* AppDelegate.swift in Sources */ = {isa = PBXBuildFile; fileRef = F5AAA1211D41E77600B738E0 /* AppDelegate.swift */; };
		F5AAA1241D41E77600B738E0 /* ViewController.swift in Sources */ = {isa = PBXBuildFile; fileRef = F5AAA1231D41E77600B738E0 /* ViewController.swift */; };
		F5AAA1271D41E77600B738E0 /* Main.storyboard in Resources */ = {isa = PBXBuildFile; fileRef = F5AAA1251D41E77600B738E0 /* Main.storyboard */; };
		F5AAA1291D41E77600B738E0 /* Assets.xcassets in Resources */ = {isa = PBXBuildFile; fileRef = F5AAA1281D41E77600B738E0 /* Assets.xcassets */; };
		F5AAA12C1D41E77600B738E0 /* LaunchScreen.storyboard in Resources */ = {isa = PBXBuildFile; fileRef = F5AAA12A1D41E77600B738E0 /* LaunchScreen.storyboard */; };
/* End PBXBuildFile section */

/* Begin PBXFileReference section */
		F5AAA11E1D41E77600B738E0 /* observer.app */ = {isa = PBXFileReference; explicitFileType = wrapper.application; includeInIndex = 0; path = observer.app; sourceTree = BUILT_PRODUCTS_DIR; };
		F5AAA1211D41E77600B738E0 /* AppDelegate.swift */ = {isa = PBXFileReference; lastKnownFileType = sourcecode.swift; path = AppDelegate.swift; sourceTree = "<group>"; };
		F5AAA1231D41E77600B738E0 /* ViewController.swift */ = {isa = PBXFileReference; lastKnownFileType = sourcecode.swift; path = ViewController.swift; sourceTree = "<group>"; };
		F5AAA1261D41E77600B738E0 /* Base */ = {isa = PBXFileReference; lastKnownFileType = file.storyboard; name = Base; path = Base.lproj/Main.storyboard; sourceTree = "<group>"; };
		F5AAA1281D41E77600B738E0 /* Assets.xcassets */ = {isa = PBXFileReference; lastKnownFileType = folder.assetcatalog; path = Assets.xcassets; sourceTree = "<group>"; };
		F5AAA12B1D41E77600B738E0 /* Base */ = {isa = PBXFileReference; lastKnownFileType = file.storyboard; name = Base; path = Base.lproj/LaunchScreen.storyboard; sourceTree = "<group>"; };
		F5AAA12D1D41E77600B738E0 /* Info.plist */ = {isa = PBXFileReference; lastKnownFileType = text.plist.xml; path = Info.plist; sourceTree = "<group>"; };
/* End PBXFileReference section */

/* Begin PBXFrameworksBuildPhase section */
		F5AAA11B1D41E77600B738E0 /* Frameworks */ = {
			isa = PBXFrameworksBuildPhase;
			buildActionMask = 2147483647;
			files = (
			);
			runOnlyForDeploymentPostprocessing = 0;
		};
/* End PBXFrameworksBuildPhase section */

/* Begin PBXGroup section */
		F5AAA1151D41E77600B738E0 = {
			isa = PBXGroup;
			children = (
				F5AAA1201D41E77600B738E0 /* observer */,
				F5AAA11F1D41E77600B738E0 /* Products */,
			);
			sourceTree = "<group>";
		};
		F5AAA11F1D41E77600B738E0 /* Products */ = {
			isa = PBXGroup;
			children = (
				F5AAA11E1D41E77600B738E0 /* observer.app */,
			);
			name = Products;
			sourceTree = "<group>";
		};
		F5AAA1201D41E77600B738E0 /* observer */ = {
			isa = PBXGroup;
			children = (
				F5AAA1211D41E77600B738E0 /* AppDelegate.swift */,
				F5AAA1231D41E77600B738E0 /* ViewController.swift */,
				F5AAA1251D41E77600B738E0 /* Main.storyboard */,
				F5AAA1281D41E77600B738E0 /* Assets.xcassets */,
				F5AAA12A1D41E77600B738E0 /* LaunchScreen.storyboard */,
				F5AAA12D1D41E77600B738E0 /* Info.plist */,
			);
			path = observer;
			sourceTree = "<group>";
		};
/* End PBXGroup section */

/* Begin PBXNativeTarget section */
		F5AAA11D1D41E77600B738E0 /* observer */ = {
			isa = PBXNativeTarget;
			buildConfigurationList = F5AAA1301D41E77600B738E0 /* Build configuration list for PBXNativeTarget "observer" */;
			buildPhases = (
				F5AAA11A1D41E77600B738E0 /* Sources */,
				F5AAA11B1D41E77600B738E0 /* Frameworks */,
				F5AAA11C1D41E77600B738E0 /* Resources */,
			);
			buildRules = (
			);
			dependencies = (
			);
			name = observer;
			productName = observer;
			productReference = F5AAA11E1D41E77600B738E0 /* observer.app */;
			productType = "com.apple.product-type.application";
		};
/* End PBXNativeTarget section */

/* Begin PBXProject section */
		F5AAA1161D41E77600B738E0 /* Project object */ = {
			isa = PBXProject;
			attributes = {
				LastSwiftUpdateCheck = 0800;
				LastUpgradeCheck = 0800;
				ORGANIZATIONNAME = EricYang;
				TargetAttributes = {
					F5AAA11D1D41E77600B738E0 = {
						CreatedOnToolsVersion = 8.0;
						ProvisioningStyle = Automatic;
					};
				};
			};
			buildConfigurationList = F5AAA1191D41E77600B738E0 /* Build configuration list for PBXProject "observer" */;
			compatibilityVersion = "Xcode 3.2";
			developmentRegion = English;
			hasScannedForEncodings = 0;
			knownRegions = (
				en,
				Base,
			);
			mainGroup = F5AAA1151D41E77600B738E0;
			productRefGroup = F5AAA11F1D41E77600B738E0 /* Products */;
			projectDirPath = "";
			projectRoot = "";
			targets = (
				F5AAA11D1D41E77600B738E0 /* observer */,
			);
		};
/* End PBXProject section */

/* Begin PBXResourcesBuildPhase section */
		F5AAA11C1D41E77600B738E0 /* Resources */ = {
			isa = PBXResourcesBuildPhase;
			buildActionMask = 2147483647;
			files = (
				F5AAA12C1D41E77600B738E0 /* LaunchScreen.storyboard in Resources */,
				F5AAA1291D41E77600B738E0 /* Assets.xcassets in Resources */,
				F5AAA1271D41E77600B738E0 /* Main.storyboard in Resources */,
			);
			runOnlyForDeploymentPostprocessing = 0;
		};
/* End PBXResourcesBuildPhase section */

/* Begin PBXSourcesBuildPhase section */
		F5AAA11A1D41E77600B738E0 /* Sources */ = {
			isa = PBXSourcesBuildPhase;
			buildActionMask = 2147483647;
			files = (
				F5AAA1241D41E77600B738E0 /* ViewController.swift in Sources */,
				F5AAA1221D41E77600B738E0 /* AppDelegate.swift in Sources */,
			);
			runOnlyForDeploymentPostprocessing = 0;
		};
/* End PBXSourcesBuildPhase section */

/* Begin PBXVariantGroup section */
		F5AAA1251D41E77600B738E0 /* Main.storyboard */ = {
			isa = PBXVariantGroup;
			children = (
				F5AAA1261D41E77600B738E0 /* Base */,
			);
			name = Main.storyboard;
			sourceTree = "<group>";
		};
		F5AAA12A1D41E77600B738E0 /* LaunchScreen.storyboard */ = {
			isa = PBXVariantGroup;
			children = (
				F5AAA12B1D41E77600B738E0 /* Base */,
			);
			name = LaunchScreen.storyboard;
			sourceTree = "<group>";
		};
/* End PBXVariantGroup section */

/* Begin XCBuildConfiguration section */
		F5AAA12E1D41E77600B738E0 /* Debug */ = {
			isa = XCBuildConfiguration;
			buildSettings = {
				ALWAYS_SEARCH_USER_PATHS = NO;
				CLANG_ANALYZER_NONNULL = YES;
				CLANG_CXX_LANGUAGE_STANDARD = "gnu++0x";
				CLANG_CXX_LIBRARY = "libc++";
				CLANG_ENABLE_MODULES = YES;
				CLANG_ENABLE_OBJC_ARC = YES;
				CLANG_WARN_BOOL_CONVERSION = YES;
				CLANG_WARN_CONSTANT_CONVERSION = YES;
				CLANG_WARN_DIRECT_OBJC_ISA_USAGE = YES_ERROR;
				CLANG_WARN_DOCUMENTATION_COMMENTS = YES;
				CLANG_WARN_EMPTY_BODY = YES;
				CLANG_WARN_ENUM_CONVERSION = YES;
				CLANG_WARN_INT_CONVERSION = YES;
				CLANG_WARN_OBJC_ROOT_CLASS = YES_ERROR;
				CLANG_WARN_UNREACHABLE_CODE = YES;
				CLANG_WARN__DUPLICATE_METHOD_MATCH = YES;
				"CODE_SIGN_IDENTITY[sdk=iphoneos*]" = "iPhone Developer";
				COPY_PHASE_STRIP = NO;
				DEBUG_INFORMATION_FORMAT = dwarf;
				ENABLE_STRICT_OBJC_MSGSEND = YES;
				ENABLE_TESTABILITY = YES;
				GCC_C_LANGUAGE_STANDARD = gnu99;
				GCC_DYNAMIC_NO_PIC = NO;
				GCC_NO_COMMON_BLOCKS = YES;
				GCC_OPTIMIZATION_LEVEL = 0;
				GCC_PREPROCESSOR_DEFINITIONS = (
					"DEBUG=1",
					"$(inherited)",
				);
				GCC_WARN_64_TO_32_BIT_CONVERSION = YES;
				GCC_WARN_ABOUT_RETURN_TYPE = YES_ERROR;
				GCC_WARN_UNDECLARED_SELECTOR = YES;
				GCC_WARN_UNINITIALIZED_AUTOS = YES_AGGRESSIVE;
				GCC_WARN_UNUSED_FUNCTION = YES;
				GCC_WARN_UNUSED_VARIABLE = YES;
				IPHONEOS_DEPLOYMENT_TARGET = 10.0;
				MTL_ENABLE_DEBUG_INFO = YES;
				ONLY_ACTIVE_ARCH = YES;
				SDKROOT = iphoneos;
				SWIFT_ACTIVE_COMPILATION_CONDITIONS = DEBUG;
				SWIFT_OPTIMIZATION_LEVEL = "-Onone";
			};
			name = Debug;
		};
		F5AAA12F1D41E77600B738E0 /* Release */ = {
			isa = XCBuildConfiguration;
			buildSettings = {
				ALWAYS_SEARCH_USER_PATHS = NO;
				CLANG_ANALYZER_NONNULL = YES;
				CLANG_CXX_LANGUAGE_STANDARD = "gnu++0x";
				CLANG_CXX_LIBRARY = "libc++";
				CLANG_ENABLE_MODULES = YES;
				CLANG_ENABLE_OBJC_ARC = YES;
				CLANG_WARN_BOOL_CONVERSION = YES;
				CLANG_WARN_CONSTANT_CONVERSION = YES;
				CLANG_WARN_DIRECT_OBJC_ISA_USAGE = YES_ERROR;
				CLANG_WARN_DOCUMENTATION_COMMENTS = YES;
				CLANG_WARN_EMPTY_BODY = YES;
				CLANG_WARN_ENUM_CONVERSION = YES;
				CLANG_WARN_INT_CONVERSION = YES;
				CLANG_WARN_OBJC_ROOT_CLASS = YES_ERROR;
				CLANG_WARN_UNREACHABLE_CODE = YES;
				CLANG_WARN__DUPLICATE_METHOD_MATCH = YES;
				"CODE_SIGN_IDENTITY[sdk=iphoneos*]" = "iPhone Developer";
				COPY_PHASE_STRIP = NO;
				DEBUG_INFORMATION_FORMAT = "dwarf-with-dsym";
				ENABLE_NS_ASSERTIONS = NO;
				ENABLE_STRICT_OBJC_MSGSEND = YES;
				GCC_C_LANGUAGE_STANDARD = gnu99;
				GCC_NO_COMMON_BLOCKS = YES;
				GCC_WARN_64_TO_32_BIT_CONVERSION = YES;
				GCC_WARN_ABOUT_RETURN_TYPE = YES_ERROR;
				GCC_WARN_UNDECLARED_SELECTOR = YES;
				GCC_WARN_UNINITIALIZED_AUTOS = YES_AGGRESSIVE;
				GCC_WARN_UNUSED_FUNCTION = YES;
				GCC_WARN_UNUSED_VARIABLE = YES;
				IPHONEOS_DEPLOYMENT_TARGET = 10.0;
				MTL_ENABLE_DEBUG_INFO = NO;
				SDKROOT = iphoneos;
				SWIFT_OPTIMIZATION_LEVEL = "-Owholemodule";
				VALIDATE_PRODUCT = YES;
			};
			name = Release;
		};
		F5AAA1311D41E77600B738E0 /* Debug */ = {
			isa = XCBuildConfiguration;
			buildSettings = {
				ASSETCATALOG_COMPILER_APPICON_NAME = AppIcon;
				INFOPLIST_FILE = observer/Info.plist;
				LD_RUNPATH_SEARCH_PATHS = "$(inherited) @executable_path/Frameworks";
				PRODUCT_BUNDLE_IDENTIFIER = bwya.observer;
				PRODUCT_NAME = "$(TARGET_NAME)";
				SWIFT_VERSION = 3.0;
			};
			name = Debug;
		};
		F5AAA1321D41E77600B738E0 /* Release */ = {
			isa = XCBuildConfiguration;
			buildSettings = {
				ASSETCATALOG_COMPILER_APPICON_NAME = AppIcon;
				INFOPLIST_FILE = observer/Info.plist;
				LD_RUNPATH_SEARCH_PATHS = "$(inherited) @executable_path/Frameworks";
				PRODUCT_BUNDLE_IDENTIFIER = bwya.observer;
				PRODUCT_NAME = "$(TARGET_NAME)";
				SWIFT_VERSION = 3.0;
			};
			name = Release;
		};
/* End XCBuildConfiguration section */

/* Begin XCConfigurationList section */
		F5AAA1191D41E77600B738E0 /* Build configuration list for PBXProject "observer" */ = {
			isa = XCConfigurationList;
			buildConfigurations = (
				F5AAA12E1D41E77600B738E0 /* Debug */,
				F5AAA12F1D41E77600B738E0 /* Release */,
			);
			defaultConfigurationIsVisible = 0;
			defaultConfigurationName = Release;
		};
		F5AAA1301D41E77600B738E0 /* Build configuration list for PBXNativeTarget "observer" */ = {
			isa = XCConfigurationList;
			buildConfigurations = (
				F5AAA1311D41E77600B738E0 /* Debug */,
				F5AAA1321D41E77600B738E0 /* Release */,
			);
			defaultConfigurationIsVisible = 0;
		};
/* End XCConfigurationList section */
	};
	rootObject = F5AAA1161D41E77600B738E0 /* Project object */;
}
